
Microsoft Visual Studio Solution File, Format Version 12.00
# Visual Studio Version 16
VisualStudioVersion = 16.0.31105.61
MinimumVisualStudioVersion = 10.0.40219.1
Project("{2150E333-8FDC-42A3-9474-1A3956D46DE8}") = "src", "src", "{CE2FDEEA-F225-4B56-B420-1C92D2C8AB9A}"
EndProject
Project("{2150E333-8FDC-42A3-9474-1A3956D46DE8}") = "1.Api", "1.Api", "{437501DB-75C2-49C9-86C9-DD41604658EE}"
EndProject
Project("{FAE04EC0-301F-11D3-BF4B-00C04F79EFBC}") = "AcessoConta.Api", "src\1.Api\AcessoConta.Api\AcessoConta.Api.csproj", "{1A6650B8-6839-44E4-B7D0-695EC50EB1AB}"
EndProject
Project("{2150E333-8FDC-42A3-9474-1A3956D46DE8}") = "2.Contexts", "2.Contexts", "{5696E46C-2182-4A4E-95C2-D21DD0032EBA}"
EndProject
Project("{2150E333-8FDC-42A3-9474-1A3956D46DE8}") = "Conta", "Conta", "{86581377-1674-46AA-987C-5CA4784C6F80}"
EndProject
Project("{2150E333-8FDC-42A3-9474-1A3956D46DE8}") = "1.Application", "1.Application", "{4BA7B8E3-FD16-4229-A230-C12DBDF39F23}"
EndProject
Project("{FAE04EC0-301F-11D3-BF4B-00C04F79EFBC}") = "AcessoConta.Api.Conta.Application", "src\2.Contexts\Conta\1.Application\AcessoConta.Api.Conta.Application\AcessoConta.Api.Conta.Application.csproj", "{93D17F46-C139-41EE-B124-AEB2646DBF07}"
EndProject
Project("{2150E333-8FDC-42A3-9474-1A3956D46DE8}") = "2.Domain", "2.Domain", "{37C7638F-E2F9-4EF5-968D-6865114E4F4B}"
EndProject
Project("{FAE04EC0-301F-11D3-BF4B-00C04F79EFBC}") = "AcessoConta.Api.Conta.Domain", "src\2.Contexts\Conta\2.Domain\AcessoConta.Api.Conta.Domain\AcessoConta.Api.Conta.Domain.csproj", "{FAC4C3C4-F1FD-4534-B176-D938D0F7F4D9}"
EndProject
Project("{2150E333-8FDC-42A3-9474-1A3956D46DE8}") = "3.Infra", "3.Infra", "{8CC94E95-AA85-4989-B815-F0DF18DFBA0B}"
EndProject
Project("{2150E333-8FDC-42A3-9474-1A3956D46DE8}") = "3.1 CrossCutting", "3.1 CrossCutting", "{DCAC5FDD-E638-46E4-A71C-AE2F7B015DDA}"
EndProject
Project("{2150E333-8FDC-42A3-9474-1A3956D46DE8}") = "3.Common", "3.Common", "{E7348944-874A-4675-8C08-741DA14751FF}"
EndProject
Project("{2150E333-8FDC-42A3-9474-1A3956D46DE8}") = "4.Core", "4.Core", "{DEAE48B0-C9C7-407C-917E-47848E808D48}"
EndProject
Project("{2150E333-8FDC-42A3-9474-1A3956D46DE8}") = "3.2 Data", "3.2 Data", "{0958D2B1-BFAD-4953-A79B-4D66D4B0A3EB}"
EndProject
Project("{FAE04EC0-301F-11D3-BF4B-00C04F79EFBC}") = "AcessoConta.Conta.Infra.CrossCutting", "src\2.Contexts\Conta\3.Infra\3.1 CrossCutting\AcessoConta.Conta.Infra.CrossCutting\AcessoConta.Conta.Infra.CrossCutting.csproj", "{95763DD6-A360-4685-A3B9-655A26BE7F2E}"
EndProject
Project("{FAE04EC0-301F-11D3-BF4B-00C04F79EFBC}") = "AcessoConta.Conta.Infra.Data", "src\2.Contexts\Conta\3.Infra\3.2 Data\AcessoConta.Conta.Infra.Data\AcessoConta.Conta.Infra.Data.csproj", "{313256B2-2748-4088-A85E-58936DF88BC3}"
EndProject
Project("{FAE04EC0-301F-11D3-BF4B-00C04F79EFBC}") = "AcessoConta.Api.Core.Orm", "src\4.Core\AcessoConta.Api.Core.Orm\AcessoConta.Api.Core.Orm.csproj", "{E7075C59-E04F-4D9A-873D-23C52F378272}"
EndProject
Project("{FAE04EC0-301F-11D3-BF4B-00C04F79EFBC}") = "AcessoConta.Api.Common", "src\3.Common\AcessoConta.Api.Common\AcessoConta.Api.Common.csproj", "{0082B4B1-C8CC-4188-8E77-8CCC3507C5C5}"
EndProject
Project("{FAE04EC0-301F-11D3-BF4B-00C04F79EFBC}") = "AcessoConta.Conta.Infra.CrossCutting.IoC", "src\2.Contexts\Conta\3.Infra\3.1 CrossCutting\AcessoConta.Conta.Infra.CrossCutting.IoC\AcessoConta.Conta.Infra.CrossCutting.IoC.csproj", "{C227B864-D18A-4411-BD48-863E254CCC82}"
EndProject
Global
	GlobalSection(SolutionConfigurationPlatforms) = preSolution
		Debug|Any CPU = Debug|Any CPU
		Release|Any CPU = Release|Any CPU
	EndGlobalSection
	GlobalSection(ProjectConfigurationPlatforms) = postSolution
		{1A6650B8-6839-44E4-B7D0-695EC50EB1AB}.Debug|Any CPU.ActiveCfg = Debug|Any CPU
		{1A6650B8-6839-44E4-B7D0-695EC50EB1AB}.Debug|Any CPU.Build.0 = Debug|Any CPU
		{1A6650B8-6839-44E4-B7D0-695EC50EB1AB}.Release|Any CPU.ActiveCfg = Release|Any CPU
		{1A6650B8-6839-44E4-B7D0-695EC50EB1AB}.Release|Any CPU.Build.0 = Release|Any CPU
		{93D17F46-C139-41EE-B124-AEB2646DBF07}.Debug|Any CPU.ActiveCfg = Debug|Any CPU
		{93D17F46-C139-41EE-B124-AEB2646DBF07}.Debug|Any CPU.Build.0 = Debug|Any CPU
		{93D17F46-C139-41EE-B124-AEB2646DBF07}.Release|Any CPU.ActiveCfg = Release|Any CPU
		{93D17F46-C139-41EE-B124-AEB2646DBF07}.Release|Any CPU.Build.0 = Release|Any CPU
		{FAC4C3C4-F1FD-4534-B176-D938D0F7F4D9}.Debug|Any CPU.ActiveCfg = Debug|Any CPU
		{FAC4C3C4-F1FD-4534-B176-D938D0F7F4D9}.Debug|Any CPU.Build.0 = Debug|Any CPU
		{FAC4C3C4-F1FD-4534-B176-D938D0F7F4D9}.Release|Any CPU.ActiveCfg = Release|Any CPU
		{FAC4C3C4-F1FD-4534-B176-D938D0F7F4D9}.Release|Any CPU.Build.0 = Release|Any CPU
		{95763DD6-A360-4685-A3B9-655A26BE7F2E}.Debug|Any CPU.ActiveCfg = Debug|Any CPU
		{95763DD6-A360-4685-A3B9-655A26BE7F2E}.Debug|Any CPU.Build.0 = Debug|Any CPU
		{95763DD6-A360-4685-A3B9-655A26BE7F2E}.Release|Any CPU.ActiveCfg = Release|Any CPU
		{95763DD6-A360-4685-A3B9-655A26BE7F2E}.Release|Any CPU.Build.0 = Release|Any CPU
		{313256B2-2748-4088-A85E-58936DF88BC3}.Debug|Any CPU.ActiveCfg = Debug|Any CPU
		{313256B2-2748-4088-A85E-58936DF88BC3}.Debug|Any CPU.Build.0 = Debug|Any CPU
		{313256B2-2748-4088-A85E-58936DF88BC3}.Release|Any CPU.ActiveCfg = Release|Any CPU
		{313256B2-2748-4088-A85E-58936DF88BC3}.Release|Any CPU.Build.0 = Release|Any CPU
		{E7075C59-E04F-4D9A-873D-23C52F378272}.Debug|Any CPU.ActiveCfg = Debug|Any CPU
		{E7075C59-E04F-4D9A-873D-23C52F378272}.Debug|Any CPU.Build.0 = Debug|Any CPU
		{E7075C59-E04F-4D9A-873D-23C52F378272}.Release|Any CPU.ActiveCfg = Release|Any CPU
		{E7075C59-E04F-4D9A-873D-23C52F378272}.Release|Any CPU.Build.0 = Release|Any CPU
		{0082B4B1-C8CC-4188-8E77-8CCC3507C5C5}.Debug|Any CPU.ActiveCfg = Debug|Any CPU
		{0082B4B1-C8CC-4188-8E77-8CCC3507C5C5}.Debug|Any CPU.Build.0 = Debug|Any CPU
		{0082B4B1-C8CC-4188-8E77-8CCC3507C5C5}.Release|Any CPU.ActiveCfg = Release|Any CPU
		{0082B4B1-C8CC-4188-8E77-8CCC3507C5C5}.Release|Any CPU.Build.0 = Release|Any CPU
		{C227B864-D18A-4411-BD48-863E254CCC82}.Debug|Any CPU.ActiveCfg = Debug|Any CPU
		{C227B864-D18A-4411-BD48-863E254CCC82}.Debug|Any CPU.Build.0 = Debug|Any CPU
		{C227B864-D18A-4411-BD48-863E254CCC82}.Release|Any CPU.ActiveCfg = Release|Any CPU
		{C227B864-D18A-4411-BD48-863E254CCC82}.Release|Any CPU.Build.0 = Release|Any CPU
	EndGlobalSection
	GlobalSection(SolutionProperties) = preSolution
		HideSolutionNode = FALSE
	EndGlobalSection
	GlobalSection(NestedProjects) = preSolution
		{437501DB-75C2-49C9-86C9-DD41604658EE} = {CE2FDEEA-F225-4B56-B420-1C92D2C8AB9A}
		{1A6650B8-6839-44E4-B7D0-695EC50EB1AB} = {437501DB-75C2-49C9-86C9-DD41604658EE}
		{5696E46C-2182-4A4E-95C2-D21DD0032EBA} = {CE2FDEEA-F225-4B56-B420-1C92D2C8AB9A}
		{86581377-1674-46AA-987C-5CA4784C6F80} = {5696E46C-2182-4A4E-95C2-D21DD0032EBA}
		{4BA7B8E3-FD16-4229-A230-C12DBDF39F23} = {86581377-1674-46AA-987C-5CA4784C6F80}
		{93D17F46-C139-41EE-B124-AEB2646DBF07} = {4BA7B8E3-FD16-4229-A230-C12DBDF39F23}
		{37C7638F-E2F9-4EF5-968D-6865114E4F4B} = {86581377-1674-46AA-987C-5CA4784C6F80}
		{FAC4C3C4-F1FD-4534-B176-D938D0F7F4D9} = {37C7638F-E2F9-4EF5-968D-6865114E4F4B}
		{8CC94E95-AA85-4989-B815-F0DF18DFBA0B} = {86581377-1674-46AA-987C-5CA4784C6F80}
		{DCAC5FDD-E638-46E4-A71C-AE2F7B015DDA} = {8CC94E95-AA85-4989-B815-F0DF18DFBA0B}
		{E7348944-874A-4675-8C08-741DA14751FF} = {CE2FDEEA-F225-4B56-B420-1C92D2C8AB9A}
		{DEAE48B0-C9C7-407C-917E-47848E808D48} = {CE2FDEEA-F225-4B56-B420-1C92D2C8AB9A}
		{0958D2B1-BFAD-4953-A79B-4D66D4B0A3EB} = {8CC94E95-AA85-4989-B815-F0DF18DFBA0B}
		{95763DD6-A360-4685-A3B9-655A26BE7F2E} = {DCAC5FDD-E638-46E4-A71C-AE2F7B015DDA}
		{313256B2-2748-4088-A85E-58936DF88BC3} = {0958D2B1-BFAD-4953-A79B-4D66D4B0A3EB}
		{E7075C59-E04F-4D9A-873D-23C52F378272} = {DEAE48B0-C9C7-407C-917E-47848E808D48}
		{0082B4B1-C8CC-4188-8E77-8CCC3507C5C5} = {E7348944-874A-4675-8C08-741DA14751FF}
		{C227B864-D18A-4411-BD48-863E254CCC82} = {DCAC5FDD-E638-46E4-A71C-AE2F7B015DDA}
	EndGlobalSection
	GlobalSection(ExtensibilityGlobals) = postSolution
		SolutionGuid = {8D143301-B6E9-486B-984C-20571885B191}
	EndGlobalSection
EndGlobal
